
Microsoft Visual Studio Solution File, Format Version 12.00
# Visual Studio Version 17
VisualStudioVersion = 17.1.32421.90
MinimumVisualStudioVersion = 10.0.40219.1
Project("{FAE04EC0-301F-11D3-BF4B-00C04F79EFBC}") = "binbin", "binbin\binbin.csproj", "{DE4B6F00-4CDC-4AA3-BE6B-7B15159950AF}"
EndProject
Global
	GlobalSection(SolutionConfigurationPlatforms) = preSolution
		Debug|Any CPU = Debug|Any CPU
		Release|Any CPU = Release|Any CPU
	EndGlobalSection
	GlobalSection(ProjectConfigurationPlatforms) = postSolution
		{DE4B6F00-4CDC-4AA3-BE6B-7B15159950AF}.Debug|Any CPU.ActiveCfg = Debug|Any CPU
		{DE4B6F00-4CDC-4AA3-BE6B-7B15159950AF}.Debug|Any CPU.Build.0 = Debug|Any CPU
		{DE4B6F00-4CDC-4AA3-BE6B-7B15159950AF}.Release|Any CPU.ActiveCfg = Release|Any CPU
		{DE4B6F00-4CDC-4AA3-BE6B-7B15159950AF}.Release|Any CPU.Build.0 = Release|Any CPU
	EndGlobalSection
	GlobalSection(SolutionProperties) = preSolution
		HideSolutionNode = FALSE
	EndGlobalSection
	GlobalSection(ExtensibilityGlobals) = postSolution
		SolutionGuid = {F058EFE5-0487-4B54-A81C-F5B85D78A3D5}
	EndGlobalSection
EndGlobal
